
Microsoft Visual Studio Solution File, Format Version 12.00
# Visual Studio 14
VisualStudioVersion = 14.0.24720.0
MinimumVisualStudioVersion = 10.0.40219.1
Project("{FAE04EC0-301F-11D3-BF4B-00C04F79EFBC}") = "BanVeTau", "BanVeTau\BanVeTau.csproj", "{4484B140-F09F-4D0F-8194-6A6E8852CAF1}"
EndProject
Project("{F088123C-0E9E-452A-89E6-6BA2F21D5CAC}") = "ModelingProject2", "ModelingProject2\ModelingProject2.modelproj", "{5786142A-4FEE-4842-8943-210F25FBF903}"
EndProject
Project("{F088123C-0E9E-452A-89E6-6BA2F21D5CAC}") = "ModelingProject3", "ModelingProject3\ModelingProject3.modelproj", "{CEA4EA7C-F6E0-4E94-8B2E-543C82409CAF}"
EndProject
Global
	GlobalSection(SolutionConfigurationPlatforms) = preSolution
		Debug|Any CPU = Debug|Any CPU
		Release|Any CPU = Release|Any CPU
	EndGlobalSection
	GlobalSection(ProjectConfigurationPlatforms) = postSolution
		{4484B140-F09F-4D0F-8194-6A6E8852CAF1}.Debug|Any CPU.ActiveCfg = Debug|Any CPU
		{4484B140-F09F-4D0F-8194-6A6E8852CAF1}.Debug|Any CPU.Build.0 = Debug|Any CPU
		{4484B140-F09F-4D0F-8194-6A6E8852CAF1}.Release|Any CPU.ActiveCfg = Release|Any CPU
		{4484B140-F09F-4D0F-8194-6A6E8852CAF1}.Release|Any CPU.Build.0 = Release|Any CPU
		{5786142A-4FEE-4842-8943-210F25FBF903}.Debug|Any CPU.ActiveCfg = Debug|Any CPU
		{5786142A-4FEE-4842-8943-210F25FBF903}.Debug|Any CPU.Build.0 = Debug|Any CPU
		{5786142A-4FEE-4842-8943-210F25FBF903}.Release|Any CPU.ActiveCfg = Release|Any CPU
		{5786142A-4FEE-4842-8943-210F25FBF903}.Release|Any CPU.Build.0 = Release|Any CPU
		{CEA4EA7C-F6E0-4E94-8B2E-543C82409CAF}.Debug|Any CPU.ActiveCfg = Debug|Any CPU
		{CEA4EA7C-F6E0-4E94-8B2E-543C82409CAF}.Debug|Any CPU.Build.0 = Debug|Any CPU
		{CEA4EA7C-F6E0-4E94-8B2E-543C82409CAF}.Release|Any CPU.ActiveCfg = Release|Any CPU
		{CEA4EA7C-F6E0-4E94-8B2E-543C82409CAF}.Release|Any CPU.Build.0 = Release|Any CPU
	EndGlobalSection
	GlobalSection(SolutionProperties) = preSolution
		HideSolutionNode = FALSE
	EndGlobalSection
EndGlobal
